<?xml version="1.0" encoding="utf-8"?>
<Project ToolsVersion="Current" xmlns="http://schemas.microsoft.com/developer/msbuild/2003">
  <ItemGroup>
    <ClCompile Include="src\Piezas.cpp" />
    <ClCompile Include="src\Mundo.cpp" />
    <ClCompile Include="src\Tablero.cpp" />
    <ClCompile Include="src\Mascara_tablero.cpp" />
    <ClCompile Include="src\piezas\Peon.cpp" />
    <ClCompile Include="src\Casilla.cpp" />
    <ClCompile Include="src\Principal.cpp" />
    <ClCompile Include="src\piezas\Torre.cpp" />
    <ClCompile Include="src\piezas\Alfil.cpp" />
    <ClCompile Include="src\piezas\Caballo.cpp" />
    <ClCompile Include="src\piezas\Reina.cpp" />
    <ClCompile Include="src\piezas\Rey.cpp" />
    <ClCompile Include="src\interfaz_usuario\BotonUI.cpp" />
    <ClCompile Include="src\interfaz_usuario\Boton_generico.cpp" />
    <ClCompile Include="src\interfaz_usuario\Menu_opciones_prejuego.cpp" />
    <ClCompile Include="src\interfaz_usuario\Centrado_botonera.cpp" />
    <ClCompile Include="src\interfaz_usuario\Interfaz_Partida.cpp" />
    <ClCompile Include="src\interfaz_usuario\Letras_tablero.cpp" />
    <ClCompile Include="src\interfaz_usuario\Menu_Inicio.cpp" />
    <ClCompile Include="src\Jugador.cpp" />
  </ItemGroup>
  <ItemGroup>
    <ClInclude Include="src\Piezas.h" />
    <ClInclude Include="src\Mundo.h" />
    <ClInclude Include="src\Tablero.h" />
    <ClInclude Include="src\Posicion.h" />
    <ClInclude Include="src\Mascara_tablero.h" />
    <ClInclude Include="src\piezas\Peon.h" />
    <ClInclude Include="src\Casilla.h" />
    <ClInclude Include="src\piezas\Torre.h" />
    <ClInclude Include="src\piezas\Alfil.h" />
    <ClInclude Include="src\Estilos_graficos.h" />
    <ClInclude Include="src\piezas\Caballo.h" />
    <ClInclude Include="src\piezas\Reina.h" />
    <ClInclude Include="src\piezas\Rey.h" />
    <ClInclude Include="src\interfaz_usuario\BotonUI.h" />
    <ClInclude Include="src\Estado_casilla.h" />
    <ClInclude Include="src\interfaz_usuario\Boton_generico.h" />
    <ClInclude Include="src\interfaz_usuario\Menu_opciones_prejuego.h" />
    <ClInclude Include="src\interfaz_usuario\Centrado_botonera.h" />
    <ClInclude Include="src\interfaz_usuario\Interfaz_Partida.h" />
    <ClInclude Include="src\interfaz_usuario\Letras_tablero.h" />
    <ClInclude Include="src\interfaz_usuario\Menu_Inicio.h" />
    <ClInclude Include="src\Jugador.h" />
  </ItemGroup>
  <ItemGroup>
    <Library Include="lib\ETSIDI.lib" />
  </ItemGroup>
  <ItemGroup>
    <None Include=".gitattributes" />
    <None Include=".gitignore" />
    <None Include="CHANGELOG.md" />
    <None Include="README.md" />
    <None Include="bin\ETSIDI.dll" />
    <None Include="bin\fmodL.dll" />
    <None Include="bin\freeglut.dll" />
    <None Include="bin\Just Another Chess Game.exe" />
    <None Include="bin\Just Another Chess Game.pdb" />
  </ItemGroup>
  <ItemGroup>
    <Image Include="bin\imagenes\alfil_b.png" />
    <Image Include="bin\imagenes\c_alfil_b.png" />
    <Image Include="bin\imagenes\c_alfil_n.png" />
    <Image Include="bin\imagenes\c_caballo_b.png" />
    <Image Include="bin\imagenes\c_caballo_n.png" />
    <Image Include="bin\imagenes\c_peon_b.png" />
    <Image Include="bin\imagenes\c_peon_n.png" />
    <Image Include="bin\imagenes\c_reina_b.png" />
    <Image Include="bin\imagenes\c_reina_n.png" />
    <Image Include="bin\imagenes\c_rey_b.png" />
    <Image Include="bin\imagenes\c_rey_n.png" />
    <Image Include="bin\imagenes\c_torre_b.png" />
    <Image Include="bin\imagenes\c_torre_n.png" />
    <Image Include="bin\imagenes\sw_alfil_b.png" />
    <Image Include="bin\imagenes\sw_alfil_n.png" />
    <Image Include="bin\imagenes\sw_caballo_b.png" />
    <Image Include="bin\imagenes\sw_caballo_n.png" />
    <Image Include="bin\imagenes\sw_peon_b.png" />
    <Image Include="bin\imagenes\sw_peon_n.png" />
    <Image Include="bin\imagenes\sw_reina_b.png" />
    <Image Include="bin\imagenes\sw_reina_n.png" />
    <Image Include="bin\imagenes\sw_rey_b.png" />
    <Image Include="bin\imagenes\sw_rey_n.png" />
    <Image Include="bin\imagenes\sw_torre_b.png" />
    <Image Include="bin\imagenes\sw_torre_n.png" />
    <Image Include="bin\imagenes\tablero.png" />
    <Image Include="bin\imagenes\menu_inicio\Logo.png" />
    <Image Include="bin\imagenes\menu_inicio\jugar.png" />
    <Image Include="bin\imagenes\menu_inicio\pantalla_inicio.png" />
    <Image Include="bin\imagenes\menu_inicio\salir.png" />
  </ItemGroup>
  <ItemGroup>
    <Font Include="bin\fuentes\Bitwise.ttf" />
  </ItemGroup>
  <ItemGroup>
    <Media Include="bin\sonidos\Bala.mp3" />
    <Media Include="bin\sonidos\JasonMraz93Milles.mp3" />
  </ItemGroup>
</Project>